[[package]]
category = "main"
description = "Library for building powerful interactive command lines in Python"
name = "prompt-toolkit"
optional = false
python-versions = "*"
version = "1.0.14"

[package.dependencies]
six = ">=1.9.0"
wcwidth = "*"

[[package]]
category = "main"
description = "Pygments is a syntax highlighting package written in Python."
name = "pygments"
optional = false
python-versions = ">=3.5"
version = "2.9.0"

[[package]]
category = "main"
description = "A Python module for collection of common interactive command line user interfaces, based on Inquirer.js"
name = "pyinquirer"
optional = false
python-versions = "*"
version = "1.0.3"

[package.dependencies]
Pygments = ">=2.2.0"
prompt_toolkit = "1.0.14"
regex = ">=2016.11.21"

[[package]]
category = "main"
description = "Alternative regular expression module, to replace re."
name = "regex"
optional = false
python-versions = "*"
version = "2021.4.4"

[[package]]
category = "main"
description = "Python 2 and 3 compatibility utilities"
name = "six"
optional = false
python-versions = ">=2.7, !=3.0.*, !=3.1.*, !=3.2.*"
version = "1.16.0"

[[package]]
category = "main"
description = "Measures the displayed width of unicode strings in a terminal"
name = "wcwidth"
optional = false
python-versions = "*"
version = "0.2.5"

[metadata]
content-hash = "f304302909a200bf24ffb1e335828b0a15afe047446d54ebdc01b54654c7afd0"
python-versions = "^3.8"

[metadata.files]
prompt-toolkit = [
    {file = "prompt_toolkit-1.0.14-py2-none-any.whl", hash = "sha256:82c7f8e07d7a0411ff5367a5a8ff520f0112b9179f3e599ee8ad2ad9b943d911"},
    {file = "prompt_toolkit-1.0.14-py3-none-any.whl", hash = "sha256:7281b5199235adaef6980942840c43753e4ab20dfe41338da634fb41c194f9d8"},
    {file = "prompt_toolkit-1.0.14.tar.gz", hash = "sha256:cc66413b1b4b17021675d9f2d15d57e640b06ddfd99bb724c73484126d22622f"},
]
pygments = [
    {file = "Pygments-2.9.0-py3-none-any.whl", hash = "sha256:d66e804411278594d764fc69ec36ec13d9ae9147193a1740cd34d272ca383b8e"},
    {file = "Pygments-2.9.0.tar.gz", hash = "sha256:a18f47b506a429f6f4b9df81bb02beab9ca21d0a5fee38ed15aef65f0545519f"},
]
pyinquirer = [
    {file = "PyInquirer-1.0.3.tar.gz", hash = "sha256:c9a92d68d7727fbd886a7908c08fd9e9773e5dc211bf5cbf836ba90d366dee51"},
]
regex = [
    {file = "regex-2021.4.4-cp36-cp36m-macosx_10_9_x86_64.whl", hash = "sha256:619d71c59a78b84d7f18891fe914446d07edd48dc8328c8e149cbe0929b4e000"},
    {file = "regex-2021.4.4-cp36-cp36m-manylinux1_i686.whl", hash = "sha256:47bf5bf60cf04d72bf6055ae5927a0bd9016096bf3d742fa50d9bf9f45aa0711"},
    {file = "regex-2021.4.4-cp36-cp36m-manylinux1_x86_64.whl", hash = "sha256:281d2fd05555079448537fe108d79eb031b403dac622621c78944c235f3fcf11"},
    {file = "regex-2021.4.4-cp36-cp36m-manylinux2010_i686.whl", hash = "sha256:bd28bc2e3a772acbb07787c6308e00d9626ff89e3bfcdebe87fa5afbfdedf968"},
    {file = "regex-2021.4.4-cp36-cp36m-manylinux2010_x86_64.whl", hash = "sha256:7c2a1af393fcc09e898beba5dd59196edaa3116191cc7257f9224beaed3e1aa0"},
    {file = "regex-2021.4.4-cp36-cp36m-manylinux2014_aarch64.whl", hash = "sha256:c38c71df845e2aabb7fb0b920d11a1b5ac8526005e533a8920aea97efb8ec6a4"},
    {file = "regex-2021.4.4-cp36-cp36m-manylinux2014_i686.whl", hash = "sha256:96fcd1888ab4d03adfc9303a7b3c0bd78c5412b2bfbe76db5b56d9eae004907a"},
    {file = "regex-2021.4.4-cp36-cp36m-manylinux2014_x86_64.whl", hash = "sha256:ade17eb5d643b7fead300a1641e9f45401c98eee23763e9ed66a43f92f20b4a7"},
    {file = "regex-2021.4.4-cp36-cp36m-win32.whl", hash = "sha256:e8e5b509d5c2ff12f8418006d5a90e9436766133b564db0abaec92fd27fcee29"},
    {file = "regex-2021.4.4-cp36-cp36m-win_amd64.whl", hash = "sha256:11d773d75fa650cd36f68d7ca936e3c7afaae41b863b8c387a22aaa78d3c5c79"},
    {file = "regex-2021.4.4-cp37-cp37m-macosx_10_9_x86_64.whl", hash = "sha256:d3029c340cfbb3ac0a71798100ccc13b97dddf373a4ae56b6a72cf70dfd53bc8"},
    {file = "regex-2021.4.4-cp37-cp37m-manylinux1_i686.whl", hash = "sha256:18c071c3eb09c30a264879f0d310d37fe5d3a3111662438889ae2eb6fc570c31"},
    {file = "regex-2021.4.4-cp37-cp37m-manylinux1_x86_64.whl", hash = "sha256:4c557a7b470908b1712fe27fb1ef20772b78079808c87d20a90d051660b1d69a"},
    {file = "regex-2021.4.4-cp37-cp37m-manylinux2010_i686.whl", hash = "sha256:01afaf2ec48e196ba91b37451aa353cb7eda77efe518e481707e0515025f0cd5"},
    {file = "regex-2021.4.4-cp37-cp37m-manylinux2010_x86_64.whl", hash = "sha256:3a9cd17e6e5c7eb328517969e0cb0c3d31fd329298dd0c04af99ebf42e904f82"},
    {file = "regex-2021.4.4-cp37-cp37m-manylinux2014_aarch64.whl", hash = "sha256:90f11ff637fe8798933fb29f5ae1148c978cccb0452005bf4c69e13db951e765"},
    {file = "regex-2021.4.4-cp37-cp37m-manylinux2014_i686.whl", hash = "sha256:919859aa909429fb5aa9cf8807f6045592c85ef56fdd30a9a3747e513db2536e"},
    {file = "regex-2021.4.4-cp37-cp37m-manylinux2014_x86_64.whl", hash = "sha256:339456e7d8c06dd36a22e451d58ef72cef293112b559010db3d054d5560ef439"},
    {file = "regex-2021.4.4-cp37-cp37m-win32.whl", hash = "sha256:67bdb9702427ceddc6ef3dc382455e90f785af4c13d495f9626861763ee13f9d"},
    {file = "regex-2021.4.4-cp37-cp37m-win_amd64.whl", hash = "sha256:32e65442138b7b76dd8173ffa2cf67356b7bc1768851dded39a7a13bf9223da3"},
    {file = "regex-2021.4.4-cp38-cp38-macosx_10_9_x86_64.whl", hash = "sha256:1e1c20e29358165242928c2de1482fb2cf4ea54a6a6dea2bd7a0e0d8ee321500"},
    {file = "regex-2021.4.4-cp38-cp38-manylinux1_i686.whl", hash = "sha256:314d66636c494ed9c148a42731b3834496cc9a2c4251b1661e40936814542b14"},
    {file = "regex-2021.4.4-cp38-cp38-manylinux1_x86_64.whl", hash = "sha256:6d1b01031dedf2503631d0903cb563743f397ccaf6607a5e3b19a3d76fc10480"},
    {file = "regex-2021.4.4-cp38-cp38-manylinux2010_i686.whl", hash = "sha256:741a9647fcf2e45f3a1cf0e24f5e17febf3efe8d4ba1281dcc3aa0459ef424dc"},
    {file = "regex-2021.4.4-cp38-cp38-manylinux2010_x86_64.whl", hash = "sha256:4c46e22a0933dd783467cf32b3516299fb98cfebd895817d685130cc50cd1093"},
    {file = "regex-2021.4.4-cp38-cp38-manylinux2014_aarch64.whl", hash = "sha256:e512d8ef5ad7b898cdb2d8ee1cb09a8339e4f8be706d27eaa180c2f177248a10"},
    {file = "regex-2021.4.4-cp38-cp38-manylinux2014_i686.whl", hash = "sha256:980d7be47c84979d9136328d882f67ec5e50008681d94ecc8afa8a65ed1f4a6f"},
    {file = "regex-2021.4.4-cp38-cp38-manylinux2014_x86_64.whl", hash = "sha256:ce15b6d103daff8e9fee13cf7f0add05245a05d866e73926c358e871221eae87"},
    {file = "regex-2021.4.4-cp38-cp38-win32.whl", hash = "sha256:a91aa8619b23b79bcbeb37abe286f2f408d2f2d6f29a17237afda55bb54e7aac"},
    {file = "regex-2021.4.4-cp38-cp38-win_amd64.whl", hash = "sha256:c0502c0fadef0d23b128605d69b58edb2c681c25d44574fc673b0e52dce71ee2"},
    {file = "regex-2021.4.4-cp39-cp39-macosx_10_9_x86_64.whl", hash = "sha256:598585c9f0af8374c28edd609eb291b5726d7cbce16be6a8b95aa074d252ee17"},
    {file = "regex-2021.4.4-cp39-cp39-manylinux1_i686.whl", hash = "sha256:ee54ff27bf0afaf4c3b3a62bcd016c12c3fdb4ec4f413391a90bd38bc3624605"},
    {file = "regex-2021.4.4-cp39-cp39-manylinux1_x86_64.whl", hash = "sha256:7d9884d86dd4dd489e981d94a65cd30d6f07203d90e98f6f657f05170f6324c9"},
    {file = "regex-2021.4.4-cp39-cp39-manylinux2010_i686.whl", hash = "sha256:bf5824bfac591ddb2c1f0a5f4ab72da28994548c708d2191e3b87dd207eb3ad7"},
    {file = "regex-2021.4.4-cp39-cp39-manylinux2010_x86_64.whl", hash = "sha256:563085e55b0d4fb8f746f6a335893bda5c2cef43b2f0258fe1020ab1dd874df8"},
    {file = "regex-2021.4.4-cp39-cp39-manylinux2014_aarch64.whl", hash = "sha256:b9c3db21af35e3b3c05764461b262d6f05bbca08a71a7849fd79d47ba7bc33ed"},
    {file = "regex-2021.4.4-cp39-cp39-manylinux2014_i686.whl", hash = "sha256:3916d08be28a1149fb97f7728fca1f7c15d309a9f9682d89d79db75d5e52091c"},
    {file = "regex-2021.4.4-cp39-cp39-manylinux2014_x86_64.whl", hash = "sha256:fd45ff9293d9274c5008a2054ecef86a9bfe819a67c7be1afb65e69b405b3042"},
    {file = "regex-2021.4.4-cp39-cp39-win32.whl", hash = "sha256:fa4537fb4a98fe8fde99626e4681cc644bdcf2a795038533f9f711513a862ae6"},
    {file = "regex-2021.4.4-cp39-cp39-win_amd64.whl", hash = "sha256:97f29f57d5b84e73fbaf99ab3e26134e6687348e95ef6b48cfd2c06807005a07"},
    {file = "regex-2021.4.4.tar.gz", hash = "sha256:52ba3d3f9b942c49d7e4bc105bb28551c44065f139a65062ab7912bef10c9afb"},
]
six = [
    {file = "six-1.16.0-py2.py3-none-any.whl", hash = "sha256:8abb2f1d86890a2dfb989f9a77cfcfd3e47c2a354b01111771326f8aa26e0254"},
    {file = "six-1.16.0.tar.gz", hash = "sha256:1e61c37477a1626458e36f7b1d82aa5c9b094fa4802892072e49de9c60c4c926"},
]
wcwidth = [
    {file = "wcwidth-0.2.5-py2.py3-none-any.whl", hash = "sha256:beb4802a9cebb9144e99086eff703a642a13d6a0052920003a230f3294bbe784"},
    {file = "wcwidth-0.2.5.tar.gz", hash = "sha256:c4d647b99872929fdb7bdcaa4fbe7f01413ed3d98077df798530e5b04f116c83"},
]
